// !$*UTF8*$!
{
	archiveVersion = 1;
	classes = {
	};
	objectVersion = 48;
	objects = {

/* Begin PBXBuildFile section */
		25A34C7C22AD0247005BFD4D /* RatingControl.swift in Sources */ = {isa = PBXBuildFile; fileRef = 25A34C7B22AD0247005BFD4D /* RatingControl.swift */; };
		25A34C7E22AD140F005BFD4D /* Meal.swift in Sources */ = {isa = PBXBuildFile; fileRef = 25A34C7D22AD140F005BFD4D /* Meal.swift */; };
		25A34C8622AD150F005BFD4D /* FoodTrackerTests.swift in Sources */ = {isa = PBXBuildFile; fileRef = 25A34C8522AD150F005BFD4D /* FoodTrackerTests.swift */; };
		25A34C8E22AD1716005BFD4D /* MealTableViewCell.swift in Sources */ = {isa = PBXBuildFile; fileRef = 25A34C8D22AD1716005BFD4D /* MealTableViewCell.swift */; };
		25A34C9022AD1CAD005BFD4D /* MealTableViewController.swift in Sources */ = {isa = PBXBuildFile; fileRef = 25A34C8F22AD1CAD005BFD4D /* MealTableViewController.swift */; };
		25A3A85E22ACED3100D7C148 /* AppDelegate.swift in Sources */ = {isa = PBXBuildFile; fileRef = 25A3A85D22ACED3100D7C148 /* AppDelegate.swift */; };
		25A3A86022ACED3100D7C148 /* MealViewController.swift in Sources */ = {isa = PBXBuildFile; fileRef = 25A3A85F22ACED3100D7C148 /* MealViewController.swift */; };
		25A3A86322ACED3100D7C148 /* Main.storyboard in Resources */ = {isa = PBXBuildFile; fileRef = 25A3A86122ACED3100D7C148 /* Main.storyboard */; };
		25A3A86622ACED3100D7C148 /* FoodTracker.xcdatamodeld in Sources */ = {isa = PBXBuildFile; fileRef = 25A3A86422ACED3100D7C148 /* FoodTracker.xcdatamodeld */; };
		25A3A86822ACED3100D7C148 /* Assets.xcassets in Resources */ = {isa = PBXBuildFile; fileRef = 25A3A86722ACED3100D7C148 /* Assets.xcassets */; };
		25A3A86B22ACED3100D7C148 /* LaunchScreen.storyboard in Resources */ = {isa = PBXBuildFile; fileRef = 25A3A86922ACED3100D7C148 /* LaunchScreen.storyboard */; };
/* End PBXBuildFile section */

/* Begin PBXContainerItemProxy section */
		25A34C8822AD150F005BFD4D /* PBXContainerItemProxy */ = {
			isa = PBXContainerItemProxy;
			containerPortal = 25A3A85222ACED3000D7C148 /* Project object */;
			proxyType = 1;
			remoteGlobalIDString = 25A3A85922ACED3100D7C148;
			remoteInfo = FoodTracker;
		};
/* End PBXContainerItemProxy section */

/* Begin PBXFileReference section */
		25A34C7B22AD0247005BFD4D /* RatingControl.swift */ = {isa = PBXFileReference; lastKnownFileType = sourcecode.swift; path = RatingControl.swift; sourceTree = "<group>"; };
		25A34C7D22AD140F005BFD4D /* Meal.swift */ = {isa = PBXFileReference; lastKnownFileType = sourcecode.swift; path = Meal.swift; sourceTree = "<group>"; };
		25A34C8322AD150F005BFD4D /* FoodTrackerTests.xctest */ = {isa = PBXFileReference; explicitFileType = wrapper.cfbundle; includeInIndex = 0; path = FoodTrackerTests.xctest; sourceTree = BUILT_PRODUCTS_DIR; };
		25A34C8522AD150F005BFD4D /* FoodTrackerTests.swift */ = {isa = PBXFileReference; lastKnownFileType = sourcecode.swift; path = FoodTrackerTests.swift; sourceTree = "<group>"; };
		25A34C8722AD150F005BFD4D /* Info.plist */ = {isa = PBXFileReference; lastKnownFileType = text.plist.xml; path = Info.plist; sourceTree = "<group>"; };
		25A34C8D22AD1716005BFD4D /* MealTableViewCell.swift */ = {isa = PBXFileReference; lastKnownFileType = sourcecode.swift; path = MealTableViewCell.swift; sourceTree = "<group>"; };
		25A34C8F22AD1CAD005BFD4D /* MealTableViewController.swift */ = {isa = PBXFileReference; lastKnownFileType = sourcecode.swift; path = MealTableViewController.swift; sourceTree = "<group>"; };
		25A3A85A22ACED3100D7C148 /* FoodTracker.app */ = {isa = PBXFileReference; explicitFileType = wrapper.application; includeInIndex = 0; path = FoodTracker.app; sourceTree = BUILT_PRODUCTS_DIR; };
		25A3A85D22ACED3100D7C148 /* AppDelegate.swift */ = {isa = PBXFileReference; lastKnownFileType = sourcecode.swift; path = AppDelegate.swift; sourceTree = "<group>"; };
		25A3A85F22ACED3100D7C148 /* MealViewController.swift */ = {isa = PBXFileReference; lastKnownFileType = sourcecode.swift; path = MealViewController.swift; sourceTree = "<group>"; };
		25A3A86222ACED3100D7C148 /* Base */ = {isa = PBXFileReference; lastKnownFileType = file.storyboard; name = Base; path = Base.lproj/Main.storyboard; sourceTree = "<group>"; };
		25A3A86522ACED3100D7C148 /* FoodTracker.xcdatamodel */ = {isa = PBXFileReference; lastKnownFileType = wrapper.xcdatamodel; path = FoodTracker.xcdatamodel; sourceTree = "<group>"; };
		25A3A86722ACED3100D7C148 /* Assets.xcassets */ = {isa = PBXFileReference; lastKnownFileType = folder.assetcatalog; path = Assets.xcassets; sourceTree = "<group>"; };
		25A3A86A22ACED3100D7C148 /* Base */ = {isa = PBXFileReference; lastKnownFileType = file.storyboard; name = Base; path = Base.lproj/LaunchScreen.storyboard; sourceTree = "<group>"; };
		25A3A86C22ACED3100D7C148 /* Info.plist */ = {isa = PBXFileReference; lastKnownFileType = text.plist.xml; path = Info.plist; sourceTree = "<group>"; };
/* End PBXFileReference section */

/* Begin PBXFrameworksBuildPhase section */
		25A34C8022AD150F005BFD4D /* Frameworks */ = {
			isa = PBXFrameworksBuildPhase;
			buildActionMask = 2147483647;
			files = (
			);
			runOnlyForDeploymentPostprocessing = 0;
		};
		25A3A85722ACED3100D7C148 /* Frameworks */ = {
			isa = PBXFrameworksBuildPhase;
			buildActionMask = 2147483647;
			files = (
			);
			runOnlyForDeploymentPostprocessing = 0;
		};
/* End PBXFrameworksBuildPhase section */

/* Begin PBXGroup section */
		25A34C8422AD150F005BFD4D /* FoodTrackerTests */ = {
			isa = PBXGroup;
			children = (
				25A34C8522AD150F005BFD4D /* FoodTrackerTests.swift */,
				25A34C8722AD150F005BFD4D /* Info.plist */,
			);
			path = FoodTrackerTests;
			sourceTree = "<group>";
		};
		25A3A85122ACED3000D7C148 = {
			isa = PBXGroup;
			children = (
				25A3A85C22ACED3100D7C148 /* FoodTracker */,
				25A34C8422AD150F005BFD4D /* FoodTrackerTests */,
				25A3A85B22ACED3100D7C148 /* Products */,
			);
			sourceTree = "<group>";
		};
		25A3A85B22ACED3100D7C148 /* Products */ = {
			isa = PBXGroup;
			children = (
				25A3A85A22ACED3100D7C148 /* FoodTracker.app */,
				25A34C8322AD150F005BFD4D /* FoodTrackerTests.xctest */,
			);
			name = Products;
			sourceTree = "<group>";
		};
		25A3A85C22ACED3100D7C148 /* FoodTracker */ = {
			isa = PBXGroup;
			children = (
				25A3A85D22ACED3100D7C148 /* AppDelegate.swift */,
				25A3A85F22ACED3100D7C148 /* MealViewController.swift */,
				25A34C7D22AD140F005BFD4D /* Meal.swift */,
				25A34C7B22AD0247005BFD4D /* RatingControl.swift */,
				25A3A86122ACED3100D7C148 /* Main.storyboard */,
				25A34C8F22AD1CAD005BFD4D /* MealTableViewController.swift */,
				25A34C8D22AD1716005BFD4D /* MealTableViewCell.swift */,
				25A3A86722ACED3100D7C148 /* Assets.xcassets */,
				25A3A86922ACED3100D7C148 /* LaunchScreen.storyboard */,
				25A3A86C22ACED3100D7C148 /* Info.plist */,
				25A3A86422ACED3100D7C148 /* FoodTracker.xcdatamodeld */,
			);
			path = FoodTracker;
			sourceTree = "<group>";
		};
/* End PBXGroup section */

/* Begin PBXNativeTarget section */
		25A34C8222AD150F005BFD4D /* FoodTrackerTests */ = {
			isa = PBXNativeTarget;
			buildConfigurationList = 25A34C8A22AD150F005BFD4D /* Build configuration list for PBXNativeTarget "FoodTrackerTests" */;
			buildPhases = (
				25A34C7F22AD150F005BFD4D /* Sources */,
				25A34C8022AD150F005BFD4D /* Frameworks */,
				25A34C8122AD150F005BFD4D /* Resources */,
			);
			buildRules = (
			);
			dependencies = (
				25A34C8922AD150F005BFD4D /* PBXTargetDependency */,
			);
			name = FoodTrackerTests;
			productName = FoodTrackerTests;
			productReference = 25A34C8322AD150F005BFD4D /* FoodTrackerTests.xctest */;
			productType = "com.apple.product-type.bundle.unit-test";
		};
		25A3A85922ACED3100D7C148 /* FoodTracker */ = {
			isa = PBXNativeTarget;
			buildConfigurationList = 25A3A86F22ACED3100D7C148 /* Build configuration list for PBXNativeTarget "FoodTracker" */;
			buildPhases = (
				25A3A85622ACED3100D7C148 /* Sources */,
				25A3A85722ACED3100D7C148 /* Frameworks */,
				25A3A85822ACED3100D7C148 /* Resources */,
			);
			buildRules = (
			);
			dependencies = (
			);
			name = FoodTracker;
			productName = FoodTracker;
			productReference = 25A3A85A22ACED3100D7C148 /* FoodTracker.app */;
			productType = "com.apple.product-type.application";
		};
/* End PBXNativeTarget section */

/* Begin PBXProject section */
		25A3A85222ACED3000D7C148 /* Project object */ = {
			isa = PBXProject;
			attributes = {
				LastSwiftUpdateCheck = 1020;
				LastUpgradeCheck = 0910;
				ORGANIZATIONNAME = Luiz;
				TargetAttributes = {
					25A34C8222AD150F005BFD4D = {
						CreatedOnToolsVersion = 10.2.1;
						ProvisioningStyle = Automatic;
						TestTargetID = 25A3A85922ACED3100D7C148;
					};
					25A3A85922ACED3100D7C148 = {
						CreatedOnToolsVersion = 9.1;
						ProvisioningStyle = Automatic;
					};
				};
			};
			buildConfigurationList = 25A3A85522ACED3000D7C148 /* Build configuration list for PBXProject "FoodTracker" */;
			compatibilityVersion = "Xcode 8.0";
			developmentRegion = en;
			hasScannedForEncodings = 0;
			knownRegions = (
				en,
				Base,
			);
			mainGroup = 25A3A85122ACED3000D7C148;
			productRefGroup = 25A3A85B22ACED3100D7C148 /* Products */;
			projectDirPath = "";
			projectRoot = "";
			targets = (
				25A3A85922ACED3100D7C148 /* FoodTracker */,
				25A34C8222AD150F005BFD4D /* FoodTrackerTests */,
			);
		};
/* End PBXProject section */

/* Begin PBXResourcesBuildPhase section */
		25A34C8122AD150F005BFD4D /* Resources */ = {
			isa = PBXResourcesBuildPhase;
			buildActionMask = 2147483647;
			files = (
			);
			runOnlyForDeploymentPostprocessing = 0;
		};
		25A3A85822ACED3100D7C148 /* Resources */ = {
			isa = PBXResourcesBuildPhase;
			buildActionMask = 2147483647;
			files = (
				25A3A86B22ACED3100D7C148 /* LaunchScreen.storyboard in Resources */,
				25A3A86822ACED3100D7C148 /* Assets.xcassets in Resources */,
				25A3A86322ACED3100D7C148 /* Main.storyboard in Resources */,
			);
			runOnlyForDeploymentPostprocessing = 0;
		};
/* End PBXResourcesBuildPhase section */

/* Begin PBXSourcesBuildPhase section */
		25A34C7F22AD150F005BFD4D /* Sources */ = {
			isa = PBXSourcesBuildPhase;
			buildActionMask = 2147483647;
			files = (
				25A34C8622AD150F005BFD4D /* FoodTrackerTests.swift in Sources */,
			);
			runOnlyForDeploymentPostprocessing = 0;
		};
		25A3A85622ACED3100D7C148 /* Sources */ = {
			isa = PBXSourcesBuildPhase;
			buildActionMask = 2147483647;
			files = (
				25A34C7E22AD140F005BFD4D /* Meal.swift in Sources */,
				25A34C7C22AD0247005BFD4D /* RatingControl.swift in Sources */,
				25A34C9022AD1CAD005BFD4D /* MealTableViewController.swift in Sources */,
				25A34C8E22AD1716005BFD4D /* MealTableViewCell.swift in Sources */,
				25A3A86022ACED3100D7C148 /* MealViewController.swift in Sources */,
				25A3A85E22ACED3100D7C148 /* AppDelegate.swift in Sources */,
				25A3A86622ACED3100D7C148 /* FoodTracker.xcdatamodeld in Sources */,
			);
			runOnlyForDeploymentPostprocessing = 0;
		};
/* End PBXSourcesBuildPhase section */

/* Begin PBXTargetDependency section */
		25A34C8922AD150F005BFD4D /* PBXTargetDependency */ = {
			isa = PBXTargetDependency;
			target = 25A3A85922ACED3100D7C148 /* FoodTracker */;
			targetProxy = 25A34C8822AD150F005BFD4D /* PBXContainerItemProxy */;
		};
/* End PBXTargetDependency section */

/* Begin PBXVariantGroup section */
		25A3A86122ACED3100D7C148 /* Main.storyboard */ = {
			isa = PBXVariantGroup;
			children = (
				25A3A86222ACED3100D7C148 /* Base */,
			);
			name = Main.storyboard;
			sourceTree = "<group>";
		};
		25A3A86922ACED3100D7C148 /* LaunchScreen.storyboard */ = {
			isa = PBXVariantGroup;
			children = (
				25A3A86A22ACED3100D7C148 /* Base */,
			);
			name = LaunchScreen.storyboard;
			sourceTree = "<group>";
		};
/* End PBXVariantGroup section */

/* Begin XCBuildConfiguration section */
		25A34C8B22AD150F005BFD4D /* Debug */ = {
			isa = XCBuildConfiguration;
			buildSettings = {
				BUNDLE_LOADER = "$(TEST_HOST)";
				CLANG_ENABLE_OBJC_WEAK = YES;
				CLANG_WARN_DEPRECATED_OBJC_IMPLEMENTATIONS = YES;
				CLANG_WARN_OBJC_IMPLICIT_RETAIN_SELF = YES;
				CODE_SIGN_STYLE = Automatic;
				DEVELOPMENT_TEAM = 489ZVWUGPK;
				INFOPLIST_FILE = FoodTrackerTests/Info.plist;
				IPHONEOS_DEPLOYMENT_TARGET = 12.2;
				LD_RUNPATH_SEARCH_PATHS = "$(inherited) @executable_path/Frameworks @loader_path/Frameworks";
				MTL_ENABLE_DEBUG_INFO = INCLUDE_SOURCE;
				MTL_FAST_MATH = YES;
				PRODUCT_BUNDLE_IDENTIFIER = code.luizramos.FoodTrackerTests;
				PRODUCT_NAME = "$(TARGET_NAME)";
				SWIFT_VERSION = 5.0;
				TARGETED_DEVICE_FAMILY = "1,2";
				TEST_HOST = "$(BUILT_PRODUCTS_DIR)/FoodTracker.app/FoodTracker";
			};
			name = Debug;
		};
		25A34C8C22AD150F005BFD4D /* Release */ = {
			isa = XCBuildConfiguration;
			buildSettings = {
				BUNDLE_LOADER = "$(TEST_HOST)";
				CLANG_ENABLE_OBJC_WEAK = YES;
				CLANG_WARN_DEPRECATED_OBJC_IMPLEMENTATIONS = YES;
				CLANG_WARN_OBJC_IMPLICIT_RETAIN_SELF = YES;
				CODE_SIGN_STYLE = Automatic;
				DEVELOPMENT_TEAM = 489ZVWUGPK;
				INFOPLIST_FILE = FoodTrackerTests/Info.plist;
				IPHONEOS_DEPLOYMENT_TARGET = 12.2;
				LD_RUNPATH_SEARCH_PATHS = "$(inherited) @executable_path/Frameworks @loader_path/Frameworks";
				MTL_FAST_MATH = YES;
				PRODUCT_BUNDLE_IDENTIFIER = code.luizramos.FoodTrackerTests;
				PRODUCT_NAME = "$(TARGET_NAME)";
				SWIFT_VERSION = 5.0;
				TARGETED_DEVICE_FAMILY = "1,2";
				TEST_HOST = "$(BUILT_PRODUCTS_DIR)/FoodTracker.app/FoodTracker";
			};
			name = Release;
		};
		25A3A86D22ACED3100D7C148 /* Debug */ = {
			isa = XCBuildConfiguration;
			buildSettings = {
				ALWAYS_SEARCH_USER_PATHS = NO;
				CLANG_ANALYZER_NONNULL = YES;
				CLANG_ANALYZER_NUMBER_OBJECT_CONVERSION = YES_AGGRESSIVE;
				CLANG_CXX_LANGUAGE_STANDARD = "gnu++14";
				CLANG_CXX_LIBRARY = "libc++";
				CLANG_ENABLE_MODULES = YES;
				CLANG_ENABLE_OBJC_ARC = YES;
				CLANG_WARN_BLOCK_CAPTURE_AUTORELEASING = YES;
				CLANG_WARN_BOOL_CONVERSION = YES;
				CLANG_WARN_COMMA = YES;
				CLANG_WARN_CONSTANT_CONVERSION = YES;
				CLANG_WARN_DIRECT_OBJC_ISA_USAGE = YES_ERROR;
				CLANG_WARN_DOCUMENTATION_COMMENTS = YES;
				CLANG_WARN_EMPTY_BODY = YES;
				CLANG_WARN_ENUM_CONVERSION = YES;
				CLANG_WARN_INFINITE_RECURSION = YES;
				CLANG_WARN_INT_CONVERSION = YES;
				CLANG_WARN_NON_LITERAL_NULL_CONVERSION = YES;
				CLANG_WARN_OBJC_LITERAL_CONVERSION = YES;
				CLANG_WARN_OBJC_ROOT_CLASS = YES_ERROR;
				CLANG_WARN_RANGE_LOOP_ANALYSIS = YES;
				CLANG_WARN_STRICT_PROTOTYPES = YES;
				CLANG_WARN_SUSPICIOUS_MOVE = YES;
				CLANG_WARN_UNGUARDED_AVAILABILITY = YES_AGGRESSIVE;
				CLANG_WARN_UNREACHABLE_CODE = YES;
				CLANG_WARN__DUPLICATE_METHOD_MATCH = YES;
				CODE_SIGN_IDENTITY = "iPhone Developer";
				COPY_PHASE_STRIP = NO;
				DEBUG_INFORMATION_FORMAT = dwarf;
				ENABLE_STRICT_OBJC_MSGSEND = YES;
				ENABLE_TESTABILITY = YES;
				GCC_C_LANGUAGE_STANDARD = gnu11;
				GCC_DYNAMIC_NO_PIC = NO;
				GCC_NO_COMMON_BLOCKS = YES;
				GCC_OPTIMIZATION_LEVEL = 0;
				GCC_PREPROCESSOR_DEFINITIONS = (
					"DEBUG=1",
					"$(inherited)",
				);
				GCC_WARN_64_TO_32_BIT_CONVERSION = YES;
				GCC_WARN_ABOUT_RETURN_TYPE = YES_ERROR;
				GCC_WARN_UNDECLARED_SELECTOR = YES;
				GCC_WARN_UNINITIALIZED_AUTOS = YES_AGGRESSIVE;
				GCC_WARN_UNUSED_FUNCTION = YES;
				GCC_WARN_UNUSED_VARIABLE = YES;
				IPHONEOS_DEPLOYMENT_TARGET = 11.1;
				MTL_ENABLE_DEBUG_INFO = YES;
				ONLY_ACTIVE_ARCH = YES;
				SDKROOT = iphoneos;
				SWIFT_ACTIVE_COMPILATION_CONDITIONS = DEBUG;
				SWIFT_OPTIMIZATION_LEVEL = "-Onone";
			};
			name = Debug;
		};
		25A3A86E22ACED3100D7C148 /* Release */ = {
			isa = XCBuildConfiguration;
			buildSettings = {
				ALWAYS_SEARCH_USER_PATHS = NO;
				CLANG_ANALYZER_NONNULL = YES;
				CLANG_ANALYZER_NUMBER_OBJECT_CONVERSION = YES_AGGRESSIVE;
				CLANG_CXX_LANGUAGE_STANDARD = "gnu++14";
				CLANG_CXX_LIBRARY = "libc++";
				CLANG_ENABLE_MODULES = YES;
				CLANG_ENABLE_OBJC_ARC = YES;
				CLANG_WARN_BLOCK_CAPTURE_AUTORELEASING = YES;
				CLANG_WARN_BOOL_CONVERSION = YES;
				CLANG_WARN_COMMA = YES;
				CLANG_WARN_CONSTANT_CONVERSION = YES;
				CLANG_WARN_DIRECT_OBJC_ISA_USAGE = YES_ERROR;
				CLANG_WARN_DOCUMENTATION_COMMENTS = YES;
				CLANG_WARN_EMPTY_BODY = YES;
				CLANG_WARN_ENUM_CONVERSION = YES;
				CLANG_WARN_INFINITE_RECURSION = YES;
				CLANG_WARN_INT_CONVERSION = YES;
				CLANG_WARN_NON_LITERAL_NULL_CONVERSION = YES;
				CLANG_WARN_OBJC_LITERAL_CONVERSION = YES;
				CLANG_WARN_OBJC_ROOT_CLASS = YES_ERROR;
				CLANG_WARN_RANGE_LOOP_ANALYSIS = YES;
				CLANG_WARN_STRICT_PROTOTYPES = YES;
				CLANG_WARN_SUSPICIOUS_MOVE = YES;
				CLANG_WARN_UNGUARDED_AVAILABILITY = YES_AGGRESSIVE;
				CLANG_WARN_UNREACHABLE_CODE = YES;
				CLANG_WARN__DUPLICATE_METHOD_MATCH = YES;
				CODE_SIGN_IDENTITY = "iPhone Developer";
				COPY_PHASE_STRIP = NO;
				DEBUG_INFORMATION_FORMAT = "dwarf-with-dsym";
				ENABLE_NS_ASSERTIONS = NO;
				ENABLE_STRICT_OBJC_MSGSEND = YES;
				GCC_C_LANGUAGE_STANDARD = gnu11;
				GCC_NO_COMMON_BLOCKS = YES;
				GCC_WARN_64_TO_32_BIT_CONVERSION = YES;
				GCC_WARN_ABOUT_RETURN_TYPE = YES_ERROR;
				GCC_WARN_UNDECLARED_SELECTOR = YES;
				GCC_WARN_UNINITIALIZED_AUTOS = YES_AGGRESSIVE;
				GCC_WARN_UNUSED_FUNCTION = YES;
				GCC_WARN_UNUSED_VARIABLE = YES;
				IPHONEOS_DEPLOYMENT_TARGET = 11.1;
				MTL_ENABLE_DEBUG_INFO = NO;
				SDKROOT = iphoneos;
				SWIFT_OPTIMIZATION_LEVEL = "-Owholemodule";
				VALIDATE_PRODUCT = YES;
			};
			name = Release;
		};
		25A3A87022ACED3100D7C148 /* Debug */ = {
			isa = XCBuildConfiguration;
			buildSettings = {
				ASSETCATALOG_COMPILER_APPICON_NAME = AppIcon;
				CODE_SIGN_STYLE = Automatic;
				DEVELOPMENT_TEAM = 489ZVWUGPK;
				INFOPLIST_FILE = FoodTracker/Info.plist;
				LD_RUNPATH_SEARCH_PATHS = "$(inherited) @executable_path/Frameworks";
				PRODUCT_BUNDLE_IDENTIFIER = code.luizramos.FoodTracker;
				PRODUCT_NAME = "$(TARGET_NAME)";
				SWIFT_VERSION = 4.0;
				TARGETED_DEVICE_FAMILY = "1,2";
			};
			name = Debug;
		};
		25A3A87122ACED3100D7C148 /* Release */ = {
			isa = XCBuildConfiguration;
			buildSettings = {
				ASSETCATALOG_COMPILER_APPICON_NAME = AppIcon;
				CODE_SIGN_STYLE = Automatic;
				DEVELOPMENT_TEAM = 489ZVWUGPK;
				INFOPLIST_FILE = FoodTracker/Info.plist;
				LD_RUNPATH_SEARCH_PATHS = "$(inherited) @executable_path/Frameworks";
				PRODUCT_BUNDLE_IDENTIFIER = code.luizramos.FoodTracker;
				PRODUCT_NAME = "$(TARGET_NAME)";
				SWIFT_VERSION = 4.0;
				TARGETED_DEVICE_FAMILY = "1,2";
			};
			name = Release;
		};
/* End XCBuildConfiguration section */

/* Begin XCConfigurationList section */
		25A34C8A22AD150F005BFD4D /* Build configuration list for PBXNativeTarget "FoodTrackerTests" */ = {
			isa = XCConfigurationList;
			buildConfigurations = (
				25A34C8B22AD150F005BFD4D /* Debug */,
				25A34C8C22AD150F005BFD4D /* Release */,
			);
			defaultConfigurationIsVisible = 0;
			defaultConfigurationName = Release;
		};
		25A3A85522ACED3000D7C148 /* Build configuration list for PBXProject "FoodTracker" */ = {
			isa = XCConfigurationList;
			buildConfigurations = (
				25A3A86D22ACED3100D7C148 /* Debug */,
				25A3A86E22ACED3100D7C148 /* Release */,
			);
			defaultConfigurationIsVisible = 0;
			defaultConfigurationName = Release;
		};
		25A3A86F22ACED3100D7C148 /* Build configuration list for PBXNativeTarget "FoodTracker" */ = {
			isa = XCConfigurationList;
			buildConfigurations = (
				25A3A87022ACED3100D7C148 /* Debug */,
				25A3A87122ACED3100D7C148 /* Release */,
			);
			defaultConfigurationIsVisible = 0;
			defaultConfigurationName = Release;
		};
/* End XCConfigurationList section */

/* Begin XCVersionGroup section */
		25A3A86422ACED3100D7C148 /* FoodTracker.xcdatamodeld */ = {
			isa = XCVersionGroup;
			children = (
				25A3A86522ACED3100D7C148 /* FoodTracker.xcdatamodel */,
			);
			currentVersion = 25A3A86522ACED3100D7C148 /* FoodTracker.xcdatamodel */;
			path = FoodTracker.xcdatamodeld;
			sourceTree = "<group>";
			versionGroupType = wrapper.xcdatamodel;
		};
/* End XCVersionGroup section */
	};
	rootObject = 25A3A85222ACED3000D7C148 /* Project object */;
}
